
Microsoft Visual Studio Solution File, Format Version 12.00
# Visual Studio Version 17
VisualStudioVersion = 17.10.35013.160
MinimumVisualStudioVersion = 10.0.40219.1
Project("{2150E333-8FDC-42A3-9474-1A3956D46DE8}") = "src", "src", "{94472268-F0F6-4602-840D-726D7C23618E}"
EndProject
Project("{2150E333-8FDC-42A3-9474-1A3956D46DE8}") = "tests", "tests", "{64234975-BE86-4351-9AE1-DCEFB61C087D}"
EndProject
Project("{9A19103F-16F7-4668-BE54-9A1E7A4F7556}") = "CashFlow.Api", "src\CashFlow.Api\CashFlow.Api.csproj", "{28BF0229-6126-4EB5-8AFB-EEDE93F2E679}"
EndProject
Project("{9A19103F-16F7-4668-BE54-9A1E7A4F7556}") = "CashFlow.Domain", "src\CashFlow.Domain\CashFlow.Domain.csproj", "{6B545980-524D-4C4F-8370-9411A8AC193F}"
EndProject
Project("{9A19103F-16F7-4668-BE54-9A1E7A4F7556}") = "CashFlow.Communication", "src\CashFlow.Communication\CashFlow.Communication.csproj", "{6A4DD1CE-1809-4D12-B2F4-B876DB957510}"
EndProject
Project("{9A19103F-16F7-4668-BE54-9A1E7A4F7556}") = "CashFlow.Application", "src\CashFlow.Application\CashFlow.Application.csproj", "{3CD05D05-9EDC-4A2E-B48A-C4D3F97C6EDB}"
EndProject
Project("{9A19103F-16F7-4668-BE54-9A1E7A4F7556}") = "CashFlow.Exception", "src\CashFlow.Exception\CashFlow.Exception.csproj", "{BE12C2BE-8159-4A63-A2A6-948DE5B42D83}"
EndProject
Project("{9A19103F-16F7-4668-BE54-9A1E7A4F7556}") = "CashFlow.Infrastructure", "src\CashFlow.Infrastructure\CashFlow.Infrastructure.csproj", "{E30438A3-4045-4B4B-A61E-3E467B2FC973}"
EndProject
Project("{9A19103F-16F7-4668-BE54-9A1E7A4F7556}") = "Validators.Tests", "tests\Validators.Tests\Validators.Tests.csproj", "{5498DCEC-EB85-4C89-AAA9-255B0D5EA774}"
EndProject
Project("{9A19103F-16F7-4668-BE54-9A1E7A4F7556}") = "CommonTestUtilities", "tests\CommonTestUtilities\CommonTestUtilities.csproj", "{C5FA8226-9090-41D0-9CB3-9D59D4FCC8E7}"
EndProject
Project("{9A19103F-16F7-4668-BE54-9A1E7A4F7556}") = "UseCases.Test", "tests\UseCases.Test\UseCases.Test.csproj", "{82DB95FF-466D-4A6F-B02B-CF0890A1482B}"
EndProject
Project("{9A19103F-16F7-4668-BE54-9A1E7A4F7556}") = "WebApi.Test", "tests\WebApi.Test\WebApi.Test.csproj", "{B123F8B7-7C86-461F-A59F-365E370F9B9B}"
EndProject
Global
	GlobalSection(SolutionConfigurationPlatforms) = preSolution
		Debug|Any CPU = Debug|Any CPU
		Release|Any CPU = Release|Any CPU
	EndGlobalSection
	GlobalSection(ProjectConfigurationPlatforms) = postSolution
		{28BF0229-6126-4EB5-8AFB-EEDE93F2E679}.Debug|Any CPU.ActiveCfg = Debug|Any CPU
		{28BF0229-6126-4EB5-8AFB-EEDE93F2E679}.Debug|Any CPU.Build.0 = Debug|Any CPU
		{28BF0229-6126-4EB5-8AFB-EEDE93F2E679}.Release|Any CPU.ActiveCfg = Release|Any CPU
		{28BF0229-6126-4EB5-8AFB-EEDE93F2E679}.Release|Any CPU.Build.0 = Release|Any CPU
		{6B545980-524D-4C4F-8370-9411A8AC193F}.Debug|Any CPU.ActiveCfg = Debug|Any CPU
		{6B545980-524D-4C4F-8370-9411A8AC193F}.Debug|Any CPU.Build.0 = Debug|Any CPU
		{6B545980-524D-4C4F-8370-9411A8AC193F}.Release|Any CPU.ActiveCfg = Release|Any CPU
		{6B545980-524D-4C4F-8370-9411A8AC193F}.Release|Any CPU.Build.0 = Release|Any CPU
		{6A4DD1CE-1809-4D12-B2F4-B876DB957510}.Debug|Any CPU.ActiveCfg = Debug|Any CPU
		{6A4DD1CE-1809-4D12-B2F4-B876DB957510}.Debug|Any CPU.Build.0 = Debug|Any CPU
		{6A4DD1CE-1809-4D12-B2F4-B876DB957510}.Release|Any CPU.ActiveCfg = Release|Any CPU
		{6A4DD1CE-1809-4D12-B2F4-B876DB957510}.Release|Any CPU.Build.0 = Release|Any CPU
		{3CD05D05-9EDC-4A2E-B48A-C4D3F97C6EDB}.Debug|Any CPU.ActiveCfg = Debug|Any CPU
		{3CD05D05-9EDC-4A2E-B48A-C4D3F97C6EDB}.Debug|Any CPU.Build.0 = Debug|Any CPU
		{3CD05D05-9EDC-4A2E-B48A-C4D3F97C6EDB}.Release|Any CPU.ActiveCfg = Release|Any CPU
		{3CD05D05-9EDC-4A2E-B48A-C4D3F97C6EDB}.Release|Any CPU.Build.0 = Release|Any CPU
		{BE12C2BE-8159-4A63-A2A6-948DE5B42D83}.Debug|Any CPU.ActiveCfg = Debug|Any CPU
		{BE12C2BE-8159-4A63-A2A6-948DE5B42D83}.Debug|Any CPU.Build.0 = Debug|Any CPU
		{BE12C2BE-8159-4A63-A2A6-948DE5B42D83}.Release|Any CPU.ActiveCfg = Release|Any CPU
		{BE12C2BE-8159-4A63-A2A6-948DE5B42D83}.Release|Any CPU.Build.0 = Release|Any CPU
		{E30438A3-4045-4B4B-A61E-3E467B2FC973}.Debug|Any CPU.ActiveCfg = Debug|Any CPU
		{E30438A3-4045-4B4B-A61E-3E467B2FC973}.Debug|Any CPU.Build.0 = Debug|Any CPU
		{E30438A3-4045-4B4B-A61E-3E467B2FC973}.Release|Any CPU.ActiveCfg = Release|Any CPU
		{E30438A3-4045-4B4B-A61E-3E467B2FC973}.Release|Any CPU.Build.0 = Release|Any CPU
		{5498DCEC-EB85-4C89-AAA9-255B0D5EA774}.Debug|Any CPU.ActiveCfg = Debug|Any CPU
		{5498DCEC-EB85-4C89-AAA9-255B0D5EA774}.Debug|Any CPU.Build.0 = Debug|Any CPU
		{5498DCEC-EB85-4C89-AAA9-255B0D5EA774}.Release|Any CPU.ActiveCfg = Release|Any CPU
		{5498DCEC-EB85-4C89-AAA9-255B0D5EA774}.Release|Any CPU.Build.0 = Release|Any CPU
		{C5FA8226-9090-41D0-9CB3-9D59D4FCC8E7}.Debug|Any CPU.ActiveCfg = Debug|Any CPU
		{C5FA8226-9090-41D0-9CB3-9D59D4FCC8E7}.Debug|Any CPU.Build.0 = Debug|Any CPU
		{C5FA8226-9090-41D0-9CB3-9D59D4FCC8E7}.Release|Any CPU.ActiveCfg = Release|Any CPU
		{C5FA8226-9090-41D0-9CB3-9D59D4FCC8E7}.Release|Any CPU.Build.0 = Release|Any CPU
		{82DB95FF-466D-4A6F-B02B-CF0890A1482B}.Debug|Any CPU.ActiveCfg = Debug|Any CPU
		{82DB95FF-466D-4A6F-B02B-CF0890A1482B}.Debug|Any CPU.Build.0 = Debug|Any CPU
		{82DB95FF-466D-4A6F-B02B-CF0890A1482B}.Release|Any CPU.ActiveCfg = Release|Any CPU
		{82DB95FF-466D-4A6F-B02B-CF0890A1482B}.Release|Any CPU.Build.0 = Release|Any CPU
		{B123F8B7-7C86-461F-A59F-365E370F9B9B}.Debug|Any CPU.ActiveCfg = Debug|Any CPU
		{B123F8B7-7C86-461F-A59F-365E370F9B9B}.Debug|Any CPU.Build.0 = Debug|Any CPU
		{B123F8B7-7C86-461F-A59F-365E370F9B9B}.Release|Any CPU.ActiveCfg = Release|Any CPU
		{B123F8B7-7C86-461F-A59F-365E370F9B9B}.Release|Any CPU.Build.0 = Release|Any CPU
	EndGlobalSection
	GlobalSection(SolutionProperties) = preSolution
		HideSolutionNode = FALSE
	EndGlobalSection
	GlobalSection(NestedProjects) = preSolution
		{28BF0229-6126-4EB5-8AFB-EEDE93F2E679} = {94472268-F0F6-4602-840D-726D7C23618E}
		{6B545980-524D-4C4F-8370-9411A8AC193F} = {94472268-F0F6-4602-840D-726D7C23618E}
		{6A4DD1CE-1809-4D12-B2F4-B876DB957510} = {94472268-F0F6-4602-840D-726D7C23618E}
		{3CD05D05-9EDC-4A2E-B48A-C4D3F97C6EDB} = {94472268-F0F6-4602-840D-726D7C23618E}
		{BE12C2BE-8159-4A63-A2A6-948DE5B42D83} = {94472268-F0F6-4602-840D-726D7C23618E}
		{E30438A3-4045-4B4B-A61E-3E467B2FC973} = {94472268-F0F6-4602-840D-726D7C23618E}
		{5498DCEC-EB85-4C89-AAA9-255B0D5EA774} = {64234975-BE86-4351-9AE1-DCEFB61C087D}
		{C5FA8226-9090-41D0-9CB3-9D59D4FCC8E7} = {64234975-BE86-4351-9AE1-DCEFB61C087D}
		{82DB95FF-466D-4A6F-B02B-CF0890A1482B} = {64234975-BE86-4351-9AE1-DCEFB61C087D}
		{B123F8B7-7C86-461F-A59F-365E370F9B9B} = {64234975-BE86-4351-9AE1-DCEFB61C087D}
	EndGlobalSection
	GlobalSection(ExtensibilityGlobals) = postSolution
		SolutionGuid = {6B40C7A6-0589-4F62-88FC-1A0EA5DF718F}
	EndGlobalSection
EndGlobal
